// !$*UTF8*$!
{
	archiveVersion = 1;
	classes = {
	};
	objectVersion = 56;
	objects = {

/* Begin PBXBuildFile section */
		AA2531202CDA2F3E0053E2A4 /* WishStoringViewController.swift in Sources */ = {isa = PBXBuildFile; fileRef = AA25311F2CDA2F3E0053E2A4 /* WishStoringViewController.swift */; };
		AA2531222CDA3DD90053E2A4 /* WrittenWishSell.swift in Sources */ = {isa = PBXBuildFile; fileRef = AA2531212CDA3DD90053E2A4 /* WrittenWishSell.swift */; };
		AA2531242CDA48320053E2A4 /* AddWishSell.swift in Sources */ = {isa = PBXBuildFile; fileRef = AA2531232CDA48320053E2A4 /* AddWishSell.swift */; };
		AAD141212CD132380033A571 /* AppDelegate.swift in Sources */ = {isa = PBXBuildFile; fileRef = AAD141202CD132380033A571 /* AppDelegate.swift */; };
		AAD141232CD132380033A571 /* SceneDelegate.swift in Sources */ = {isa = PBXBuildFile; fileRef = AAD141222CD132380033A571 /* SceneDelegate.swift */; };
		AAD1412A2CD1323A0033A571 /* Assets.xcassets in Resources */ = {isa = PBXBuildFile; fileRef = AAD141292CD1323A0033A571 /* Assets.xcassets */; };
		AAD1412D2CD1323A0033A571 /* Base in Resources */ = {isa = PBXBuildFile; fileRef = AAD1412C2CD1323A0033A571 /* Base */; };
		AAD141352CD1350D0033A571 /* WishMakerViewController.swift in Sources */ = {isa = PBXBuildFile; fileRef = AAD141342CD1350D0033A571 /* WishMakerViewController.swift */; };
		AAD1413C2CD144EF0033A571 /* UIColor + Random.swift in Sources */ = {isa = PBXBuildFile; fileRef = AAD1413B2CD144EE0033A571 /* UIColor + Random.swift */; };
		AAD1413E2CD149F60033A571 /* CustomSlider.swift in Sources */ = {isa = PBXBuildFile; fileRef = AAD1413D2CD149F60033A571 /* CustomSlider.swift */; };
		AAD141402CD18D4A0033A571 /* UIView + Pin.swift in Sources */ = {isa = PBXBuildFile; fileRef = AAD1413F2CD18D4A0033A571 /* UIView + Pin.swift */; };
/* End PBXBuildFile section */

/* Begin PBXFileReference section */
		AA25311F2CDA2F3E0053E2A4 /* WishStoringViewController.swift */ = {isa = PBXFileReference; lastKnownFileType = sourcecode.swift; path = WishStoringViewController.swift; sourceTree = "<group>"; };
		AA2531212CDA3DD90053E2A4 /* WrittenWishSell.swift */ = {isa = PBXFileReference; lastKnownFileType = sourcecode.swift; path = WrittenWishSell.swift; sourceTree = "<group>"; };
		AA2531232CDA48320053E2A4 /* AddWishSell.swift */ = {isa = PBXFileReference; lastKnownFileType = sourcecode.swift; path = AddWishSell.swift; sourceTree = "<group>"; };
		AAD1411D2CD132380033A571 /* kialisaevPW2.app */ = {isa = PBXFileReference; explicitFileType = wrapper.application; includeInIndex = 0; path = kialisaevPW2.app; sourceTree = BUILT_PRODUCTS_DIR; };
		AAD141202CD132380033A571 /* AppDelegate.swift */ = {isa = PBXFileReference; lastKnownFileType = sourcecode.swift; path = AppDelegate.swift; sourceTree = "<group>"; };
		AAD141222CD132380033A571 /* SceneDelegate.swift */ = {isa = PBXFileReference; lastKnownFileType = sourcecode.swift; path = SceneDelegate.swift; sourceTree = "<group>"; };
		AAD141292CD1323A0033A571 /* Assets.xcassets */ = {isa = PBXFileReference; lastKnownFileType = folder.assetcatalog; path = Assets.xcassets; sourceTree = "<group>"; };
		AAD1412C2CD1323A0033A571 /* Base */ = {isa = PBXFileReference; lastKnownFileType = file.storyboard; name = Base; path = Base.lproj/LaunchScreen.storyboard; sourceTree = "<group>"; };
		AAD1412E2CD1323A0033A571 /* Info.plist */ = {isa = PBXFileReference; lastKnownFileType = text.plist.xml; path = Info.plist; sourceTree = "<group>"; };
		AAD141342CD1350D0033A571 /* WishMakerViewController.swift */ = {isa = PBXFileReference; lastKnownFileType = sourcecode.swift; path = WishMakerViewController.swift; sourceTree = "<group>"; };
		AAD1413B2CD144EE0033A571 /* UIColor + Random.swift */ = {isa = PBXFileReference; fileEncoding = 4; lastKnownFileType = sourcecode.swift; path = "UIColor + Random.swift"; sourceTree = "<group>"; };
		AAD1413D2CD149F60033A571 /* CustomSlider.swift */ = {isa = PBXFileReference; lastKnownFileType = sourcecode.swift; path = CustomSlider.swift; sourceTree = "<group>"; };
		AAD1413F2CD18D4A0033A571 /* UIView + Pin.swift */ = {isa = PBXFileReference; lastKnownFileType = sourcecode.swift; path = "UIView + Pin.swift"; sourceTree = "<group>"; };
/* End PBXFileReference section */

/* Begin PBXFrameworksBuildPhase section */
		AAD1411A2CD132380033A571 /* Frameworks */ = {
			isa = PBXFrameworksBuildPhase;
			buildActionMask = 2147483647;
			files = (
			);
			runOnlyForDeploymentPostprocessing = 0;
		};
/* End PBXFrameworksBuildPhase section */

/* Begin PBXGroup section */
		AAD141142CD132370033A571 = {
			isa = PBXGroup;
			children = (
				AAD1411F2CD132380033A571 /* kialisaevPW2 */,
				AAD1411E2CD132380033A571 /* Products */,
			);
			sourceTree = "<group>";
		};
		AAD1411E2CD132380033A571 /* Products */ = {
			isa = PBXGroup;
			children = (
				AAD1411D2CD132380033A571 /* kialisaevPW2.app */,
			);
			name = Products;
			sourceTree = "<group>";
		};
		AAD1411F2CD132380033A571 /* kialisaevPW2 */ = {
			isa = PBXGroup;
			children = (
				AAD141202CD132380033A571 /* AppDelegate.swift */,
				AAD141222CD132380033A571 /* SceneDelegate.swift */,
				AAD141342CD1350D0033A571 /* WishMakerViewController.swift */,
				AA25311F2CDA2F3E0053E2A4 /* WishStoringViewController.swift */,
				AA2531212CDA3DD90053E2A4 /* WrittenWishSell.swift */,
				AA2531232CDA48320053E2A4 /* AddWishSell.swift */,
				AAD1413D2CD149F60033A571 /* CustomSlider.swift */,
				AAD1413B2CD144EE0033A571 /* UIColor + Random.swift */,
				AAD1413F2CD18D4A0033A571 /* UIView + Pin.swift */,
				AAD141292CD1323A0033A571 /* Assets.xcassets */,
				AAD1412B2CD1323A0033A571 /* LaunchScreen.storyboard */,
				AAD1412E2CD1323A0033A571 /* Info.plist */,
			);
			path = kialisaevPW2;
			sourceTree = "<group>";
		};
/* End PBXGroup section */

/* Begin PBXNativeTarget section */
		AAD1411C2CD132380033A571 /* kialisaevPW2 */ = {
			isa = PBXNativeTarget;
			buildConfigurationList = AAD141312CD1323A0033A571 /* Build configuration list for PBXNativeTarget "kialisaevPW2" */;
			buildPhases = (
				AAD141192CD132380033A571 /* Sources */,
				AAD1411A2CD132380033A571 /* Frameworks */,
				AAD1411B2CD132380033A571 /* Resources */,
			);
			buildRules = (
			);
			dependencies = (
			);
			name = kialisaevPW2;
			productName = kialisaevPW2;
			productReference = AAD1411D2CD132380033A571 /* kialisaevPW2.app */;
			productType = "com.apple.product-type.application";
		};
/* End PBXNativeTarget section */

/* Begin PBXProject section */
		AAD141152CD132370033A571 /* Project object */ = {
			isa = PBXProject;
			attributes = {
				BuildIndependentTargetsInParallel = 1;
				LastSwiftUpdateCheck = 1530;
				LastUpgradeCheck = 1530;
				TargetAttributes = {
					AAD1411C2CD132380033A571 = {
						CreatedOnToolsVersion = 15.3;
					};
				};
			};
			buildConfigurationList = AAD141182CD132370033A571 /* Build configuration list for PBXProject "kialisaevPW2" */;
			compatibilityVersion = "Xcode 14.0";
			developmentRegion = en;
			hasScannedForEncodings = 0;
			knownRegions = (
				en,
				Base,
			);
			mainGroup = AAD141142CD132370033A571;
			productRefGroup = AAD1411E2CD132380033A571 /* Products */;
			projectDirPath = "";
			projectRoot = "";
			targets = (
				AAD1411C2CD132380033A571 /* kialisaevPW2 */,
			);
		};
/* End PBXProject section */

/* Begin PBXResourcesBuildPhase section */
		AAD1411B2CD132380033A571 /* Resources */ = {
			isa = PBXResourcesBuildPhase;
			buildActionMask = 2147483647;
			files = (
				AAD1412A2CD1323A0033A571 /* Assets.xcassets in Resources */,
				AAD1412D2CD1323A0033A571 /* Base in Resources */,
			);
			runOnlyForDeploymentPostprocessing = 0;
		};
/* End PBXResourcesBuildPhase section */

/* Begin PBXSourcesBuildPhase section */
		AAD141192CD132380033A571 /* Sources */ = {
			isa = PBXSourcesBuildPhase;
			buildActionMask = 2147483647;
			files = (
				AA2531222CDA3DD90053E2A4 /* WrittenWishSell.swift in Sources */,
				AAD141212CD132380033A571 /* AppDelegate.swift in Sources */,
				AAD1413E2CD149F60033A571 /* CustomSlider.swift in Sources */,
				AAD141402CD18D4A0033A571 /* UIView + Pin.swift in Sources */,
				AA2531242CDA48320053E2A4 /* AddWishSell.swift in Sources */,
				AAD141352CD1350D0033A571 /* WishMakerViewController.swift in Sources */,
				AAD1413C2CD144EF0033A571 /* UIColor + Random.swift in Sources */,
				AA2531202CDA2F3E0053E2A4 /* WishStoringViewController.swift in Sources */,
				AAD141232CD132380033A571 /* SceneDelegate.swift in Sources */,
			);
			runOnlyForDeploymentPostprocessing = 0;
		};
/* End PBXSourcesBuildPhase section */

/* Begin PBXVariantGroup section */
		AAD1412B2CD1323A0033A571 /* LaunchScreen.storyboard */ = {
			isa = PBXVariantGroup;
			children = (
				AAD1412C2CD1323A0033A571 /* Base */,
			);
			name = LaunchScreen.storyboard;
			sourceTree = "<group>";
		};
/* End PBXVariantGroup section */

/* Begin XCBuildConfiguration section */
		AAD1412F2CD1323A0033A571 /* Debug */ = {
			isa = XCBuildConfiguration;
			buildSettings = {
				ALWAYS_SEARCH_USER_PATHS = NO;
				ASSETCATALOG_COMPILER_GENERATE_SWIFT_ASSET_SYMBOL_EXTENSIONS = YES;
				CLANG_ANALYZER_NONNULL = YES;
				CLANG_ANALYZER_NUMBER_OBJECT_CONVERSION = YES_AGGRESSIVE;
				CLANG_CXX_LANGUAGE_STANDARD = "gnu++20";
				CLANG_ENABLE_MODULES = YES;
				CLANG_ENABLE_OBJC_ARC = YES;
				CLANG_ENABLE_OBJC_WEAK = YES;
				CLANG_WARN_BLOCK_CAPTURE_AUTORELEASING = YES;
				CLANG_WARN_BOOL_CONVERSION = YES;
				CLANG_WARN_COMMA = YES;
				CLANG_WARN_CONSTANT_CONVERSION = YES;
				CLANG_WARN_DEPRECATED_OBJC_IMPLEMENTATIONS = YES;
				CLANG_WARN_DIRECT_OBJC_ISA_USAGE = YES_ERROR;
				CLANG_WARN_DOCUMENTATION_COMMENTS = YES;
				CLANG_WARN_EMPTY_BODY = YES;
				CLANG_WARN_ENUM_CONVERSION = YES;
				CLANG_WARN_INFINITE_RECURSION = YES;
				CLANG_WARN_INT_CONVERSION = YES;
				CLANG_WARN_NON_LITERAL_NULL_CONVERSION = YES;
				CLANG_WARN_OBJC_IMPLICIT_RETAIN_SELF = YES;
				CLANG_WARN_OBJC_LITERAL_CONVERSION = YES;
				CLANG_WARN_OBJC_ROOT_CLASS = YES_ERROR;
				CLANG_WARN_QUOTED_INCLUDE_IN_FRAMEWORK_HEADER = YES;
				CLANG_WARN_RANGE_LOOP_ANALYSIS = YES;
				CLANG_WARN_STRICT_PROTOTYPES = YES;
				CLANG_WARN_SUSPICIOUS_MOVE = YES;
				CLANG_WARN_UNGUARDED_AVAILABILITY = YES_AGGRESSIVE;
				CLANG_WARN_UNREACHABLE_CODE = YES;
				CLANG_WARN__DUPLICATE_METHOD_MATCH = YES;
				COPY_PHASE_STRIP = NO;
				DEBUG_INFORMATION_FORMAT = dwarf;
				ENABLE_STRICT_OBJC_MSGSEND = YES;
				ENABLE_TESTABILITY = YES;
				ENABLE_USER_SCRIPT_SANDBOXING = YES;
				GCC_C_LANGUAGE_STANDARD = gnu17;
				GCC_DYNAMIC_NO_PIC = NO;
				GCC_NO_COMMON_BLOCKS = YES;
				GCC_OPTIMIZATION_LEVEL = 0;
				GCC_PREPROCESSOR_DEFINITIONS = (
					"DEBUG=1",
					"$(inherited)",
				);
				GCC_WARN_64_TO_32_BIT_CONVERSION = YES;
				GCC_WARN_ABOUT_RETURN_TYPE = YES_ERROR;
				GCC_WARN_UNDECLARED_SELECTOR = YES;
				GCC_WARN_UNINITIALIZED_AUTOS = YES_AGGRESSIVE;
				GCC_WARN_UNUSED_FUNCTION = YES;
				GCC_WARN_UNUSED_VARIABLE = YES;
				IPHONEOS_DEPLOYMENT_TARGET = 17.4;
				LOCALIZATION_PREFERS_STRING_CATALOGS = YES;
				MTL_ENABLE_DEBUG_INFO = INCLUDE_SOURCE;
				MTL_FAST_MATH = YES;
				ONLY_ACTIVE_ARCH = YES;
				SDKROOT = iphoneos;
				SWIFT_ACTIVE_COMPILATION_CONDITIONS = "DEBUG $(inherited)";
				SWIFT_OPTIMIZATION_LEVEL = "-Onone";
			};
			name = Debug;
		};
		AAD141302CD1323A0033A571 /* Release */ = {
			isa = XCBuildConfiguration;
			buildSettings = {
				ALWAYS_SEARCH_USER_PATHS = NO;
				ASSETCATALOG_COMPILER_GENERATE_SWIFT_ASSET_SYMBOL_EXTENSIONS = YES;
				CLANG_ANALYZER_NONNULL = YES;
				CLANG_ANALYZER_NUMBER_OBJECT_CONVERSION = YES_AGGRESSIVE;
				CLANG_CXX_LANGUAGE_STANDARD = "gnu++20";
				CLANG_ENABLE_MODULES = YES;
				CLANG_ENABLE_OBJC_ARC = YES;
				CLANG_ENABLE_OBJC_WEAK = YES;
				CLANG_WARN_BLOCK_CAPTURE_AUTORELEASING = YES;
				CLANG_WARN_BOOL_CONVERSION = YES;
				CLANG_WARN_COMMA = YES;
				CLANG_WARN_CONSTANT_CONVERSION = YES;
				CLANG_WARN_DEPRECATED_OBJC_IMPLEMENTATIONS = YES;
				CLANG_WARN_DIRECT_OBJC_ISA_USAGE = YES_ERROR;
				CLANG_WARN_DOCUMENTATION_COMMENTS = YES;
				CLANG_WARN_EMPTY_BODY = YES;
				CLANG_WARN_ENUM_CONVERSION = YES;
				CLANG_WARN_INFINITE_RECURSION = YES;
				CLANG_WARN_INT_CONVERSION = YES;
				CLANG_WARN_NON_LITERAL_NULL_CONVERSION = YES;
				CLANG_WARN_OBJC_IMPLICIT_RETAIN_SELF = YES;
				CLANG_WARN_OBJC_LITERAL_CONVERSION = YES;
				CLANG_WARN_OBJC_ROOT_CLASS = YES_ERROR;
				CLANG_WARN_QUOTED_INCLUDE_IN_FRAMEWORK_HEADER = YES;
				CLANG_WARN_RANGE_LOOP_ANALYSIS = YES;
				CLANG_WARN_STRICT_PROTOTYPES = YES;
				CLANG_WARN_SUSPICIOUS_MOVE = YES;
				CLANG_WARN_UNGUARDED_AVAILABILITY = YES_AGGRESSIVE;
				CLANG_WARN_UNREACHABLE_CODE = YES;
				CLANG_WARN__DUPLICATE_METHOD_MATCH = YES;
				COPY_PHASE_STRIP = NO;
				DEBUG_INFORMATION_FORMAT = "dwarf-with-dsym";
				ENABLE_NS_ASSERTIONS = NO;
				ENABLE_STRICT_OBJC_MSGSEND = YES;
				ENABLE_USER_SCRIPT_SANDBOXING = YES;
				GCC_C_LANGUAGE_STANDARD = gnu17;
				GCC_NO_COMMON_BLOCKS = YES;
				GCC_WARN_64_TO_32_BIT_CONVERSION = YES;
				GCC_WARN_ABOUT_RETURN_TYPE = YES_ERROR;
				GCC_WARN_UNDECLARED_SELECTOR = YES;
				GCC_WARN_UNINITIALIZED_AUTOS = YES_AGGRESSIVE;
				GCC_WARN_UNUSED_FUNCTION = YES;
				GCC_WARN_UNUSED_VARIABLE = YES;
				IPHONEOS_DEPLOYMENT_TARGET = 17.4;
				LOCALIZATION_PREFERS_STRING_CATALOGS = YES;
				MTL_ENABLE_DEBUG_INFO = NO;
				MTL_FAST_MATH = YES;
				SDKROOT = iphoneos;
				SWIFT_COMPILATION_MODE = wholemodule;
				VALIDATE_PRODUCT = YES;
			};
			name = Release;
		};
		AAD141322CD1323A0033A571 /* Debug */ = {
			isa = XCBuildConfiguration;
			buildSettings = {
				ASSETCATALOG_COMPILER_APPICON_NAME = AppIcon;
				ASSETCATALOG_COMPILER_GLOBAL_ACCENT_COLOR_NAME = AccentColor;
				CODE_SIGN_STYLE = Automatic;
				CURRENT_PROJECT_VERSION = 1;
				DEVELOPMENT_TEAM = XQ5MGT6276;
				GENERATE_INFOPLIST_FILE = YES;
				INFOPLIST_FILE = kialisaevPW2/Info.plist;
				INFOPLIST_KEY_UIApplicationSupportsIndirectInputEvents = YES;
				INFOPLIST_KEY_UILaunchStoryboardName = LaunchScreen;
				INFOPLIST_KEY_UISupportedInterfaceOrientations_iPad = "UIInterfaceOrientationPortrait UIInterfaceOrientationPortraitUpsideDown UIInterfaceOrientationLandscapeLeft UIInterfaceOrientationLandscapeRight";
				INFOPLIST_KEY_UISupportedInterfaceOrientations_iPhone = "UIInterfaceOrientationPortrait UIInterfaceOrientationLandscapeLeft UIInterfaceOrientationLandscapeRight";
				IPHONEOS_DEPLOYMENT_TARGET = 13.0;
				LD_RUNPATH_SEARCH_PATHS = (
					"$(inherited)",
					"@executable_path/Frameworks",
				);
				MARKETING_VERSION = 1.0;
				PRODUCT_BUNDLE_IDENTIFIER = mrdr.kialisaevPW2;
				PRODUCT_NAME = "$(TARGET_NAME)";
				SWIFT_EMIT_LOC_STRINGS = YES;
				SWIFT_VERSION = 5.0;
				TARGETED_DEVICE_FAMILY = "1,2";
			};
			name = Debug;
		};
		AAD141332CD1323A0033A571 /* Release */ = {
			isa = XCBuildConfiguration;
			buildSettings = {
				ASSETCATALOG_COMPILER_APPICON_NAME = AppIcon;
				ASSETCATALOG_COMPILER_GLOBAL_ACCENT_COLOR_NAME = AccentColor;
				CODE_SIGN_STYLE = Automatic;
				CURRENT_PROJECT_VERSION = 1;
				DEVELOPMENT_TEAM = XQ5MGT6276;
				GENERATE_INFOPLIST_FILE = YES;
				INFOPLIST_FILE = kialisaevPW2/Info.plist;
				INFOPLIST_KEY_UIApplicationSupportsIndirectInputEvents = YES;
				INFOPLIST_KEY_UILaunchStoryboardName = LaunchScreen;
				INFOPLIST_KEY_UISupportedInterfaceOrientations_iPad = "UIInterfaceOrientationPortrait UIInterfaceOrientationPortraitUpsideDown UIInterfaceOrientationLandscapeLeft UIInterfaceOrientationLandscapeRight";
				INFOPLIST_KEY_UISupportedInterfaceOrientations_iPhone = "UIInterfaceOrientationPortrait UIInterfaceOrientationLandscapeLeft UIInterfaceOrientationLandscapeRight";
				IPHONEOS_DEPLOYMENT_TARGET = 13.0;
				LD_RUNPATH_SEARCH_PATHS = (
					"$(inherited)",
					"@executable_path/Frameworks",
				);
				MARKETING_VERSION = 1.0;
				PRODUCT_BUNDLE_IDENTIFIER = mrdr.kialisaevPW2;
				PRODUCT_NAME = "$(TARGET_NAME)";
				SWIFT_EMIT_LOC_STRINGS = YES;
				SWIFT_VERSION = 5.0;
				TARGETED_DEVICE_FAMILY = "1,2";
			};
			name = Release;
		};
/* End XCBuildConfiguration section */

/* Begin XCConfigurationList section */
		AAD141182CD132370033A571 /* Build configuration list for PBXProject "kialisaevPW2" */ = {
			isa = XCConfigurationList;
			buildConfigurations = (
				AAD1412F2CD1323A0033A571 /* Debug */,
				AAD141302CD1323A0033A571 /* Release */,
			);
			defaultConfigurationIsVisible = 0;
			defaultConfigurationName = Release;
		};
		AAD141312CD1323A0033A571 /* Build configuration list for PBXNativeTarget "kialisaevPW2" */ = {
			isa = XCConfigurationList;
			buildConfigurations = (
				AAD141322CD1323A0033A571 /* Debug */,
				AAD141332CD1323A0033A571 /* Release */,
			);
			defaultConfigurationIsVisible = 0;
			defaultConfigurationName = Release;
		};
/* End XCConfigurationList section */
	};
	rootObject = AAD141152CD132370033A571 /* Project object */;
}
